
Microsoft Visual Studio Solution File, Format Version 12.00
# Visual Studio Version 16
VisualStudioVersion = 16.0.29409.12
MinimumVisualStudioVersion = 10.0.40219.1
Project("{FAE04EC0-301F-11D3-BF4B-00C04F79EFBC}") = "ShoppingListInCSharp", "ShoppingListInCSharp.csproj", "{CCF2689F-8709-4FC8-A692-5D9EF7F673B7}"
EndProject
Global
	GlobalSection(SolutionConfigurationPlatforms) = preSolution
		Debug|Any CPU = Debug|Any CPU
		Release|Any CPU = Release|Any CPU
	EndGlobalSection
	GlobalSection(ProjectConfigurationPlatforms) = postSolution
		{CCF2689F-8709-4FC8-A692-5D9EF7F673B7}.Debug|Any CPU.ActiveCfg = Debug|Any CPU
		{CCF2689F-8709-4FC8-A692-5D9EF7F673B7}.Debug|Any CPU.Build.0 = Debug|Any CPU
		{CCF2689F-8709-4FC8-A692-5D9EF7F673B7}.Release|Any CPU.ActiveCfg = Release|Any CPU
		{CCF2689F-8709-4FC8-A692-5D9EF7F673B7}.Release|Any CPU.Build.0 = Release|Any CPU
	EndGlobalSection
	GlobalSection(SolutionProperties) = preSolution
		HideSolutionNode = FALSE
	EndGlobalSection
	GlobalSection(ExtensibilityGlobals) = postSolution
		SolutionGuid = {6761A754-AFFC-4E57-93A7-9E84C8735CDC}
	EndGlobalSection
EndGlobal
